
Microsoft Visual Studio Solution File, Format Version 12.00
# Visual Studio 15
VisualStudioVersion = 15.0.33801.198
MinimumVisualStudioVersion = 10.0.40219.1
Project("{8BC9CEB8-8B4A-11D0-8D11-00A0C91BC942}") = "SP0256", "SP0256\SP0256.vcxproj", "{486DA70C-C9FE-4A06-A40E-A685833AC40F}"
EndProject
Project("{8BC9CEB8-8B4A-11D0-8D11-00A0C91BC942}") = "CTS256A-AL2", "CTS256A-AL2\CTS256A-AL2.vcxproj", "{1E1CE4C7-A024-4278-A3B1-362FE36484C0}"
EndProject
Global
	GlobalSection(SolutionConfigurationPlatforms) = preSolution
		Debug|Win32 = Debug|Win32
		Release|Win32 = Release|Win32
	EndGlobalSection
	GlobalSection(ProjectConfigurationPlatforms) = postSolution
		{486DA70C-C9FE-4A06-A40E-A685833AC40F}.Debug|Win32.ActiveCfg = Debug|Win32
		{486DA70C-C9FE-4A06-A40E-A685833AC40F}.Debug|Win32.Build.0 = Debug|Win32
		{486DA70C-C9FE-4A06-A40E-A685833AC40F}.Release|Win32.ActiveCfg = Release|Win32
		{486DA70C-C9FE-4A06-A40E-A685833AC40F}.Release|Win32.Build.0 = Release|Win32
		{1E1CE4C7-A024-4278-A3B1-362FE36484C0}.Debug|Win32.ActiveCfg = Debug|Win32
		{1E1CE4C7-A024-4278-A3B1-362FE36484C0}.Debug|Win32.Build.0 = Debug|Win32
		{1E1CE4C7-A024-4278-A3B1-362FE36484C0}.Release|Win32.ActiveCfg = Release|Win32
		{1E1CE4C7-A024-4278-A3B1-362FE36484C0}.Release|Win32.Build.0 = Release|Win32
	EndGlobalSection
	GlobalSection(SolutionProperties) = preSolution
		HideSolutionNode = FALSE
	EndGlobalSection
	GlobalSection(ExtensibilityGlobals) = postSolution
		SolutionGuid = {5B7D946C-F881-4AFE-94BF-60BADB1F1138}
	EndGlobalSection
EndGlobal
